// !$*UTF8*$!
{
	archiveVersion = 1;
	classes = {
	};
	objectVersion = 46;
	objects = {

/* Begin PBXBuildFile section */
		17AF32721F30E30C00B93A0F /* main.m in Sources */ = {isa = PBXBuildFile; fileRef = 17AF32711F30E30C00B93A0F /* main.m */; };
		17AF32751F30E30C00B93A0F /* AppDelegate.m in Sources */ = {isa = PBXBuildFile; fileRef = 17AF32741F30E30C00B93A0F /* AppDelegate.m */; };
		17AF32781F30E30C00B93A0F /* ViewController.m in Sources */ = {isa = PBXBuildFile; fileRef = 17AF32771F30E30C00B93A0F /* ViewController.m */; };
		17AF327B1F30E30C00B93A0F /* Main.storyboard in Resources */ = {isa = PBXBuildFile; fileRef = 17AF32791F30E30C00B93A0F /* Main.storyboard */; };
		17AF327D1F30E30C00B93A0F /* Assets.xcassets in Resources */ = {isa = PBXBuildFile; fileRef = 17AF327C1F30E30C00B93A0F /* Assets.xcassets */; };
		17AF32801F30E30C00B93A0F /* LaunchScreen.storyboard in Resources */ = {isa = PBXBuildFile; fileRef = 17AF327E1F30E30C00B93A0F /* LaunchScreen.storyboard */; };
		17AF328B1F30E30C00B93A0F /* __Tests.m in Sources */ = {isa = PBXBuildFile; fileRef = 17AF328A1F30E30C00B93A0F /* __Tests.m */; };
		17AF32961F30E30C00B93A0F /* __UITests.m in Sources */ = {isa = PBXBuildFile; fileRef = 17AF32951F30E30C00B93A0F /* __UITests.m */; };
/* End PBXBuildFile section */

/* Begin PBXContainerItemProxy section */
		17AF32871F30E30C00B93A0F /* PBXContainerItemProxy */ = {
			isa = PBXContainerItemProxy;
			containerPortal = 17AF32651F30E30C00B93A0F /* Project object */;
			proxyType = 1;
			remoteGlobalIDString = 17AF326C1F30E30C00B93A0F;
			remoteInfo = "表格";
		};
		17AF32921F30E30C00B93A0F /* PBXContainerItemProxy */ = {
			isa = PBXContainerItemProxy;
			containerPortal = 17AF32651F30E30C00B93A0F /* Project object */;
			proxyType = 1;
			remoteGlobalIDString = 17AF326C1F30E30C00B93A0F;
			remoteInfo = "表格";
		};
/* End PBXContainerItemProxy section */

/* Begin PBXFileReference section */
		17AF326D1F30E30C00B93A0F /* 表格.app */ = {isa = PBXFileReference; explicitFileType = wrapper.application; includeInIndex = 0; path = "表格.app"; sourceTree = BUILT_PRODUCTS_DIR; };
		17AF32711F30E30C00B93A0F /* main.m */ = {isa = PBXFileReference; lastKnownFileType = sourcecode.c.objc; path = main.m; sourceTree = "<group>"; };
		17AF32731F30E30C00B93A0F /* AppDelegate.h */ = {isa = PBXFileReference; lastKnownFileType = sourcecode.c.h; path = AppDelegate.h; sourceTree = "<group>"; };
		17AF32741F30E30C00B93A0F /* AppDelegate.m */ = {isa = PBXFileReference; lastKnownFileType = sourcecode.c.objc; path = AppDelegate.m; sourceTree = "<group>"; };
		17AF32761F30E30C00B93A0F /* ViewController.h */ = {isa = PBXFileReference; lastKnownFileType = sourcecode.c.h; path = ViewController.h; sourceTree = "<group>"; };
		17AF32771F30E30C00B93A0F /* ViewController.m */ = {isa = PBXFileReference; lastKnownFileType = sourcecode.c.objc; path = ViewController.m; sourceTree = "<group>"; };
		17AF327A1F30E30C00B93A0F /* Base */ = {isa = PBXFileReference; lastKnownFileType = file.storyboard; name = Base; path = Base.lproj/Main.storyboard; sourceTree = "<group>"; };
		17AF327C1F30E30C00B93A0F /* Assets.xcassets */ = {isa = PBXFileReference; lastKnownFileType = folder.assetcatalog; path = Assets.xcassets; sourceTree = "<group>"; };
		17AF327F1F30E30C00B93A0F /* Base */ = {isa = PBXFileReference; lastKnownFileType = file.storyboard; name = Base; path = Base.lproj/LaunchScreen.storyboard; sourceTree = "<group>"; };
		17AF32811F30E30C00B93A0F /* Info.plist */ = {isa = PBXFileReference; lastKnownFileType = text.plist.xml; path = Info.plist; sourceTree = "<group>"; };
		17AF32861F30E30C00B93A0F /* 表格Tests.xctest */ = {isa = PBXFileReference; explicitFileType = wrapper.cfbundle; includeInIndex = 0; path = "表格Tests.xctest"; sourceTree = BUILT_PRODUCTS_DIR; };
		17AF328A1F30E30C00B93A0F /* __Tests.m */ = {isa = PBXFileReference; lastKnownFileType = sourcecode.c.objc; path = __Tests.m; sourceTree = "<group>"; };
		17AF328C1F30E30C00B93A0F /* Info.plist */ = {isa = PBXFileReference; lastKnownFileType = text.plist.xml; path = Info.plist; sourceTree = "<group>"; };
		17AF32911F30E30C00B93A0F /* 表格UITests.xctest */ = {isa = PBXFileReference; explicitFileType = wrapper.cfbundle; includeInIndex = 0; path = "表格UITests.xctest"; sourceTree = BUILT_PRODUCTS_DIR; };
		17AF32951F30E30C00B93A0F /* __UITests.m */ = {isa = PBXFileReference; lastKnownFileType = sourcecode.c.objc; path = __UITests.m; sourceTree = "<group>"; };
		17AF32971F30E30C00B93A0F /* Info.plist */ = {isa = PBXFileReference; lastKnownFileType = text.plist.xml; path = Info.plist; sourceTree = "<group>"; };
/* End PBXFileReference section */

/* Begin PBXFrameworksBuildPhase section */
		17AF326A1F30E30C00B93A0F /* Frameworks */ = {
			isa = PBXFrameworksBuildPhase;
			buildActionMask = 2147483647;
			files = (
			);
			runOnlyForDeploymentPostprocessing = 0;
		};
		17AF32831F30E30C00B93A0F /* Frameworks */ = {
			isa = PBXFrameworksBuildPhase;
			buildActionMask = 2147483647;
			files = (
			);
			runOnlyForDeploymentPostprocessing = 0;
		};
		17AF328E1F30E30C00B93A0F /* Frameworks */ = {
			isa = PBXFrameworksBuildPhase;
			buildActionMask = 2147483647;
			files = (
			);
			runOnlyForDeploymentPostprocessing = 0;
		};
/* End PBXFrameworksBuildPhase section */

/* Begin PBXGroup section */
		17AF32641F30E30C00B93A0F = {
			isa = PBXGroup;
			children = (
				17AF326F1F30E30C00B93A0F /* 表格 */,
				17AF32891F30E30C00B93A0F /* 表格Tests */,
				17AF32941F30E30C00B93A0F /* 表格UITests */,
				17AF326E1F30E30C00B93A0F /* Products */,
			);
			sourceTree = "<group>";
		};
		17AF326E1F30E30C00B93A0F /* Products */ = {
			isa = PBXGroup;
			children = (
				17AF326D1F30E30C00B93A0F /* 表格.app */,
				17AF32861F30E30C00B93A0F /* 表格Tests.xctest */,
				17AF32911F30E30C00B93A0F /* 表格UITests.xctest */,
			);
			name = Products;
			sourceTree = "<group>";
		};
		17AF326F1F30E30C00B93A0F /* 表格 */ = {
			isa = PBXGroup;
			children = (
				17AF32731F30E30C00B93A0F /* AppDelegate.h */,
				17AF32741F30E30C00B93A0F /* AppDelegate.m */,
				17AF32761F30E30C00B93A0F /* ViewController.h */,
				17AF32771F30E30C00B93A0F /* ViewController.m */,
				17AF32791F30E30C00B93A0F /* Main.storyboard */,
				17AF327C1F30E30C00B93A0F /* Assets.xcassets */,
				17AF327E1F30E30C00B93A0F /* LaunchScreen.storyboard */,
				17AF32811F30E30C00B93A0F /* Info.plist */,
				17AF32701F30E30C00B93A0F /* Supporting Files */,
			);
			path = "表格";
			sourceTree = "<group>";
		};
		17AF32701F30E30C00B93A0F /* Supporting Files */ = {
			isa = PBXGroup;
			children = (
				17AF32711F30E30C00B93A0F /* main.m */,
			);
			name = "Supporting Files";
			sourceTree = "<group>";
		};
		17AF32891F30E30C00B93A0F /* 表格Tests */ = {
			isa = PBXGroup;
			children = (
				17AF328A1F30E30C00B93A0F /* __Tests.m */,
				17AF328C1F30E30C00B93A0F /* Info.plist */,
			);
			path = "表格Tests";
			sourceTree = "<group>";
		};
		17AF32941F30E30C00B93A0F /* 表格UITests */ = {
			isa = PBXGroup;
			children = (
				17AF32951F30E30C00B93A0F /* __UITests.m */,
				17AF32971F30E30C00B93A0F /* Info.plist */,
			);
			path = "表格UITests";
			sourceTree = "<group>";
		};
/* End PBXGroup section */

/* Begin PBXNativeTarget section */
		17AF326C1F30E30C00B93A0F /* 表格 */ = {
			isa = PBXNativeTarget;
			buildConfigurationList = 17AF329A1F30E30C00B93A0F /* Build configuration list for PBXNativeTarget "表格" */;
			buildPhases = (
				17AF32691F30E30C00B93A0F /* Sources */,
				17AF326A1F30E30C00B93A0F /* Frameworks */,
				17AF326B1F30E30C00B93A0F /* Resources */,
			);
			buildRules = (
			);
			dependencies = (
			);
			name = "表格";
			productName = "表格";
			productReference = 17AF326D1F30E30C00B93A0F /* 表格.app */;
			productType = "com.apple.product-type.application";
		};
		17AF32851F30E30C00B93A0F /* 表格Tests */ = {
			isa = PBXNativeTarget;
			buildConfigurationList = 17AF329D1F30E30C00B93A0F /* Build configuration list for PBXNativeTarget "表格Tests" */;
			buildPhases = (
				17AF32821F30E30C00B93A0F /* Sources */,
				17AF32831F30E30C00B93A0F /* Frameworks */,
				17AF32841F30E30C00B93A0F /* Resources */,
			);
			buildRules = (
			);
			dependencies = (
				17AF32881F30E30C00B93A0F /* PBXTargetDependency */,
			);
			name = "表格Tests";
			productName = "表格Tests";
			productReference = 17AF32861F30E30C00B93A0F /* 表格Tests.xctest */;
			productType = "com.apple.product-type.bundle.unit-test";
		};
		17AF32901F30E30C00B93A0F /* 表格UITests */ = {
			isa = PBXNativeTarget;
			buildConfigurationList = 17AF32A01F30E30C00B93A0F /* Build configuration list for PBXNativeTarget "表格UITests" */;
			buildPhases = (
				17AF328D1F30E30C00B93A0F /* Sources */,
				17AF328E1F30E30C00B93A0F /* Frameworks */,
				17AF328F1F30E30C00B93A0F /* Resources */,
			);
			buildRules = (
			);
			dependencies = (
				17AF32931F30E30C00B93A0F /* PBXTargetDependency */,
			);
			name = "表格UITests";
			productName = "表格UITests";
			productReference = 17AF32911F30E30C00B93A0F /* 表格UITests.xctest */;
			productType = "com.apple.product-type.bundle.ui-testing";
		};
/* End PBXNativeTarget section */

/* Begin PBXProject section */
		17AF32651F30E30C00B93A0F /* Project object */ = {
			isa = PBXProject;
			attributes = {
				LastUpgradeCheck = 0710;
				ORGANIZATIONNAME = jiangqianghua;
				TargetAttributes = {
					17AF326C1F30E30C00B93A0F = {
						CreatedOnToolsVersion = 7.1;
						DevelopmentTeam = 69CP27GESJ;
					};
					17AF32851F30E30C00B93A0F = {
						CreatedOnToolsVersion = 7.1;
						DevelopmentTeam = 69CP27GESJ;
						TestTargetID = 17AF326C1F30E30C00B93A0F;
					};
					17AF32901F30E30C00B93A0F = {
						CreatedOnToolsVersion = 7.1;
						DevelopmentTeam = 69CP27GESJ;
						TestTargetID = 17AF326C1F30E30C00B93A0F;
					};
				};
			};
			buildConfigurationList = 17AF32681F30E30C00B93A0F /* Build configuration list for PBXProject "表格" */;
			compatibilityVersion = "Xcode 3.2";
			developmentRegion = English;
			hasScannedForEncodings = 0;
			knownRegions = (
				en,
				Base,
			);
			mainGroup = 17AF32641F30E30C00B93A0F;
			productRefGroup = 17AF326E1F30E30C00B93A0F /* Products */;
			projectDirPath = "";
			projectRoot = "";
			targets = (
				17AF326C1F30E30C00B93A0F /* 表格 */,
				17AF32851F30E30C00B93A0F /* 表格Tests */,
				17AF32901F30E30C00B93A0F /* 表格UITests */,
			);
		};
/* End PBXProject section */

/* Begin PBXResourcesBuildPhase section */
		17AF326B1F30E30C00B93A0F /* Resources */ = {
			isa = PBXResourcesBuildPhase;
			buildActionMask = 2147483647;
			files = (
				17AF32801F30E30C00B93A0F /* LaunchScreen.storyboard in Resources */,
				17AF327D1F30E30C00B93A0F /* Assets.xcassets in Resources */,
				17AF327B1F30E30C00B93A0F /* Main.storyboard in Resources */,
			);
			runOnlyForDeploymentPostprocessing = 0;
		};
		17AF32841F30E30C00B93A0F /* Resources */ = {
			isa = PBXResourcesBuildPhase;
			buildActionMask = 2147483647;
			files = (
			);
			runOnlyForDeploymentPostprocessing = 0;
		};
		17AF328F1F30E30C00B93A0F /* Resources */ = {
			isa = PBXResourcesBuildPhase;
			buildActionMask = 2147483647;
			files = (
			);
			runOnlyForDeploymentPostprocessing = 0;
		};
/* End PBXResourcesBuildPhase section */

/* Begin PBXSourcesBuildPhase section */
		17AF32691F30E30C00B93A0F /* Sources */ = {
			isa = PBXSourcesBuildPhase;
			buildActionMask = 2147483647;
			files = (
				17AF32781F30E30C00B93A0F /* ViewController.m in Sources */,
				17AF32751F30E30C00B93A0F /* AppDelegate.m in Sources */,
				17AF32721F30E30C00B93A0F /* main.m in Sources */,
			);
			runOnlyForDeploymentPostprocessing = 0;
		};
		17AF32821F30E30C00B93A0F /* Sources */ = {
			isa = PBXSourcesBuildPhase;
			buildActionMask = 2147483647;
			files = (
				17AF328B1F30E30C00B93A0F /* __Tests.m in Sources */,
			);
			runOnlyForDeploymentPostprocessing = 0;
		};
		17AF328D1F30E30C00B93A0F /* Sources */ = {
			isa = PBXSourcesBuildPhase;
			buildActionMask = 2147483647;
			files = (
				17AF32961F30E30C00B93A0F /* __UITests.m in Sources */,
			);
			runOnlyForDeploymentPostprocessing = 0;
		};
/* End PBXSourcesBuildPhase section */

/* Begin PBXTargetDependency section */
		17AF32881F30E30C00B93A0F /* PBXTargetDependency */ = {
			isa = PBXTargetDependency;
			target = 17AF326C1F30E30C00B93A0F /* 表格 */;
			targetProxy = 17AF32871F30E30C00B93A0F /* PBXContainerItemProxy */;
		};
		17AF32931F30E30C00B93A0F /* PBXTargetDependency */ = {
			isa = PBXTargetDependency;
			target = 17AF326C1F30E30C00B93A0F /* 表格 */;
			targetProxy = 17AF32921F30E30C00B93A0F /* PBXContainerItemProxy */;
		};
/* End PBXTargetDependency section */

/* Begin PBXVariantGroup section */
		17AF32791F30E30C00B93A0F /* Main.storyboard */ = {
			isa = PBXVariantGroup;
			children = (
				17AF327A1F30E30C00B93A0F /* Base */,
			);
			name = Main.storyboard;
			sourceTree = "<group>";
		};
		17AF327E1F30E30C00B93A0F /* LaunchScreen.storyboard */ = {
			isa = PBXVariantGroup;
			children = (
				17AF327F1F30E30C00B93A0F /* Base */,
			);
			name = LaunchScreen.storyboard;
			sourceTree = "<group>";
		};
/* End PBXVariantGroup section */

/* Begin XCBuildConfiguration section */
		17AF32981F30E30C00B93A0F /* Debug */ = {
			isa = XCBuildConfiguration;
			buildSettings = {
				ALWAYS_SEARCH_USER_PATHS = NO;
				CLANG_CXX_LANGUAGE_STANDARD = "gnu++0x";
				CLANG_CXX_LIBRARY = "libc++";
				CLANG_ENABLE_MODULES = YES;
				CLANG_ENABLE_OBJC_ARC = YES;
				CLANG_WARN_BOOL_CONVERSION = YES;
				CLANG_WARN_CONSTANT_CONVERSION = YES;
				CLANG_WARN_DIRECT_OBJC_ISA_USAGE = YES_ERROR;
				CLANG_WARN_EMPTY_BODY = YES;
				CLANG_WARN_ENUM_CONVERSION = YES;
				CLANG_WARN_INT_CONVERSION = YES;
				CLANG_WARN_OBJC_ROOT_CLASS = YES_ERROR;
				CLANG_WARN_UNREACHABLE_CODE = YES;
				CLANG_WARN__DUPLICATE_METHOD_MATCH = YES;
				"CODE_SIGN_IDENTITY[sdk=iphoneos*]" = "iPhone Developer";
				COPY_PHASE_STRIP = NO;
				DEBUG_INFORMATION_FORMAT = dwarf;
				ENABLE_STRICT_OBJC_MSGSEND = YES;
				ENABLE_TESTABILITY = YES;
				GCC_C_LANGUAGE_STANDARD = gnu99;
				GCC_DYNAMIC_NO_PIC = NO;
				GCC_NO_COMMON_BLOCKS = YES;
				GCC_OPTIMIZATION_LEVEL = 0;
				GCC_PREPROCESSOR_DEFINITIONS = (
					"DEBUG=1",
					"$(inherited)",
				);
				GCC_WARN_64_TO_32_BIT_CONVERSION = YES;
				GCC_WARN_ABOUT_RETURN_TYPE = YES_ERROR;
				GCC_WARN_UNDECLARED_SELECTOR = YES;
				GCC_WARN_UNINITIALIZED_AUTOS = YES_AGGRESSIVE;
				GCC_WARN_UNUSED_FUNCTION = YES;
				GCC_WARN_UNUSED_VARIABLE = YES;
				IPHONEOS_DEPLOYMENT_TARGET = 9.1;
				MTL_ENABLE_DEBUG_INFO = YES;
				ONLY_ACTIVE_ARCH = YES;
				SDKROOT = iphoneos;
			};
			name = Debug;
		};
		17AF32991F30E30C00B93A0F /* Release */ = {
			isa = XCBuildConfiguration;
			buildSettings = {
				ALWAYS_SEARCH_USER_PATHS = NO;
				CLANG_CXX_LANGUAGE_STANDARD = "gnu++0x";
				CLANG_CXX_LIBRARY = "libc++";
				CLANG_ENABLE_MODULES = YES;
				CLANG_ENABLE_OBJC_ARC = YES;
				CLANG_WARN_BOOL_CONVERSION = YES;
				CLANG_WARN_CONSTANT_CONVERSION = YES;
				CLANG_WARN_DIRECT_OBJC_ISA_USAGE = YES_ERROR;
				CLANG_WARN_EMPTY_BODY = YES;
				CLANG_WARN_ENUM_CONVERSION = YES;
				CLANG_WARN_INT_CONVERSION = YES;
				CLANG_WARN_OBJC_ROOT_CLASS = YES_ERROR;
				CLANG_WARN_UNREACHABLE_CODE = YES;
				CLANG_WARN__DUPLICATE_METHOD_MATCH = YES;
				"CODE_SIGN_IDENTITY[sdk=iphoneos*]" = "iPhone Developer";
				COPY_PHASE_STRIP = NO;
				DEBUG_INFORMATION_FORMAT = "dwarf-with-dsym";
				ENABLE_NS_ASSERTIONS = NO;
				ENABLE_STRICT_OBJC_MSGSEND = YES;
				GCC_C_LANGUAGE_STANDARD = gnu99;
				GCC_NO_COMMON_BLOCKS = YES;
				GCC_WARN_64_TO_32_BIT_CONVERSION = YES;
				GCC_WARN_ABOUT_RETURN_TYPE = YES_ERROR;
				GCC_WARN_UNDECLARED_SELECTOR = YES;
				GCC_WARN_UNINITIALIZED_AUTOS = YES_AGGRESSIVE;
				GCC_WARN_UNUSED_FUNCTION = YES;
				GCC_WARN_UNUSED_VARIABLE = YES;
				IPHONEOS_DEPLOYMENT_TARGET = 9.1;
				MTL_ENABLE_DEBUG_INFO = NO;
				SDKROOT = iphoneos;
				VALIDATE_PRODUCT = YES;
			};
			name = Release;
		};
		17AF329B1F30E30C00B93A0F /* Debug */ = {
			isa = XCBuildConfiguration;
			buildSettings = {
				ASSETCATALOG_COMPILER_APPICON_NAME = AppIcon;
				INFOPLIST_FILE = "表格/Info.plist";
				LD_RUNPATH_SEARCH_PATHS = "$(inherited) @executable_path/Frameworks";
				PRODUCT_BUNDLE_IDENTIFIER = "com.jqh.--";
				PRODUCT_NAME = "$(TARGET_NAME)";
			};
			name = Debug;
		};
		17AF329C1F30E30C00B93A0F /* Release */ = {
			isa = XCBuildConfiguration;
			buildSettings = {
				ASSETCATALOG_COMPILER_APPICON_NAME = AppIcon;
				INFOPLIST_FILE = "表格/Info.plist";
				LD_RUNPATH_SEARCH_PATHS = "$(inherited) @executable_path/Frameworks";
				PRODUCT_BUNDLE_IDENTIFIER = "com.jqh.--";
				PRODUCT_NAME = "$(TARGET_NAME)";
			};
			name = Release;
		};
		17AF329E1F30E30C00B93A0F /* Debug */ = {
			isa = XCBuildConfiguration;
			buildSettings = {
				BUNDLE_LOADER = "$(TEST_HOST)";
				INFOPLIST_FILE = "表格Tests/Info.plist";
				LD_RUNPATH_SEARCH_PATHS = "$(inherited) @executable_path/Frameworks @loader_path/Frameworks";
				PRODUCT_BUNDLE_IDENTIFIER = "com.jqh.--Tests";
				PRODUCT_NAME = "$(TARGET_NAME)";
				TEST_HOST = "$(BUILT_PRODUCTS_DIR)/表格.app/表格";
			};
			name = Debug;
		};
		17AF329F1F30E30C00B93A0F /* Release */ = {
			isa = XCBuildConfiguration;
			buildSettings = {
				BUNDLE_LOADER = "$(TEST_HOST)";
				INFOPLIST_FILE = "表格Tests/Info.plist";
				LD_RUNPATH_SEARCH_PATHS = "$(inherited) @executable_path/Frameworks @loader_path/Frameworks";
				PRODUCT_BUNDLE_IDENTIFIER = "com.jqh.--Tests";
				PRODUCT_NAME = "$(TARGET_NAME)";
				TEST_HOST = "$(BUILT_PRODUCTS_DIR)/表格.app/表格";
			};
			name = Release;
		};
		17AF32A11F30E30C00B93A0F /* Debug */ = {
			isa = XCBuildConfiguration;
			buildSettings = {
				INFOPLIST_FILE = "表格UITests/Info.plist";
				LD_RUNPATH_SEARCH_PATHS = "$(inherited) @executable_path/Frameworks @loader_path/Frameworks";
				PRODUCT_BUNDLE_IDENTIFIER = "com.jqh.--UITests";
				PRODUCT_NAME = "$(TARGET_NAME)";
				TEST_TARGET_NAME = "表格";
				USES_XCTRUNNER = YES;
			};
			name = Debug;
		};
		17AF32A21F30E30C00B93A0F /* Release */ = {
			isa = XCBuildConfiguration;
			buildSettings = {
				INFOPLIST_FILE = "表格UITests/Info.plist";
				LD_RUNPATH_SEARCH_PATHS = "$(inherited) @executable_path/Frameworks @loader_path/Frameworks";
				PRODUCT_BUNDLE_IDENTIFIER = "com.jqh.--UITests";
				PRODUCT_NAME = "$(TARGET_NAME)";
				TEST_TARGET_NAME = "表格";
				USES_XCTRUNNER = YES;
			};
			name = Release;
		};
/* End XCBuildConfiguration section */

/* Begin XCConfigurationList section */
		17AF32681F30E30C00B93A0F /* Build configuration list for PBXProject "表格" */ = {
			isa = XCConfigurationList;
			buildConfigurations = (
				17AF32981F30E30C00B93A0F /* Debug */,
				17AF32991F30E30C00B93A0F /* Release */,
			);
			defaultConfigurationIsVisible = 0;
			defaultConfigurationName = Release;
		};
		17AF329A1F30E30C00B93A0F /* Build configuration list for PBXNativeTarget "表格" */ = {
			isa = XCConfigurationList;
			buildConfigurations = (
				17AF329B1F30E30C00B93A0F /* Debug */,
				17AF329C1F30E30C00B93A0F /* Release */,
			);
			defaultConfigurationIsVisible = 0;
		};
		17AF329D1F30E30C00B93A0F /* Build configuration list for PBXNativeTarget "表格Tests" */ = {
			isa = XCConfigurationList;
			buildConfigurations = (
				17AF329E1F30E30C00B93A0F /* Debug */,
				17AF329F1F30E30C00B93A0F /* Release */,
			);
			defaultConfigurationIsVisible = 0;
		};
		17AF32A01F30E30C00B93A0F /* Build configuration list for PBXNativeTarget "表格UITests" */ = {
			isa = XCConfigurationList;
			buildConfigurations = (
				17AF32A11F30E30C00B93A0F /* Debug */,
				17AF32A21F30E30C00B93A0F /* Release */,
			);
			defaultConfigurationIsVisible = 0;
		};
/* End XCConfigurationList section */
	};
	rootObject = 17AF32651F30E30C00B93A0F /* Project object */;
}
