// !$*UTF8*$!
{
	archiveVersion = 1;
	classes = {
	};
	objectVersion = 46;
	objects = {

/* Begin PBXBuildFile section */
		17209EB41F2A4F0500742483 /* main.m in Sources */ = {isa = PBXBuildFile; fileRef = 17209EB31F2A4F0500742483 /* main.m */; };
		17209EB71F2A4F0500742483 /* AppDelegate.m in Sources */ = {isa = PBXBuildFile; fileRef = 17209EB61F2A4F0500742483 /* AppDelegate.m */; };
		17209EBA1F2A4F0500742483 /* ViewController.m in Sources */ = {isa = PBXBuildFile; fileRef = 17209EB91F2A4F0500742483 /* ViewController.m */; };
		17209EBD1F2A4F0500742483 /* Main.storyboard in Resources */ = {isa = PBXBuildFile; fileRef = 17209EBB1F2A4F0500742483 /* Main.storyboard */; };
		17209EBF1F2A4F0500742483 /* Assets.xcassets in Resources */ = {isa = PBXBuildFile; fileRef = 17209EBE1F2A4F0500742483 /* Assets.xcassets */; };
		17209EC21F2A4F0500742483 /* LaunchScreen.storyboard in Resources */ = {isa = PBXBuildFile; fileRef = 17209EC01F2A4F0500742483 /* LaunchScreen.storyboard */; };
		17209ECD1F2A4F0500742483 /* TimeTestTests.m in Sources */ = {isa = PBXBuildFile; fileRef = 17209ECC1F2A4F0500742483 /* TimeTestTests.m */; };
		17209ED81F2A4F0500742483 /* TimeTestUITests.m in Sources */ = {isa = PBXBuildFile; fileRef = 17209ED71F2A4F0500742483 /* TimeTestUITests.m */; };
/* End PBXBuildFile section */

/* Begin PBXContainerItemProxy section */
		17209EC91F2A4F0500742483 /* PBXContainerItemProxy */ = {
			isa = PBXContainerItemProxy;
			containerPortal = 17209EA71F2A4F0500742483 /* Project object */;
			proxyType = 1;
			remoteGlobalIDString = 17209EAE1F2A4F0500742483;
			remoteInfo = TimeTest;
		};
		17209ED41F2A4F0500742483 /* PBXContainerItemProxy */ = {
			isa = PBXContainerItemProxy;
			containerPortal = 17209EA71F2A4F0500742483 /* Project object */;
			proxyType = 1;
			remoteGlobalIDString = 17209EAE1F2A4F0500742483;
			remoteInfo = TimeTest;
		};
/* End PBXContainerItemProxy section */

/* Begin PBXFileReference section */
		17209EAF1F2A4F0500742483 /* TimeTest.app */ = {isa = PBXFileReference; explicitFileType = wrapper.application; includeInIndex = 0; path = TimeTest.app; sourceTree = BUILT_PRODUCTS_DIR; };
		17209EB31F2A4F0500742483 /* main.m */ = {isa = PBXFileReference; lastKnownFileType = sourcecode.c.objc; path = main.m; sourceTree = "<group>"; };
		17209EB51F2A4F0500742483 /* AppDelegate.h */ = {isa = PBXFileReference; lastKnownFileType = sourcecode.c.h; path = AppDelegate.h; sourceTree = "<group>"; };
		17209EB61F2A4F0500742483 /* AppDelegate.m */ = {isa = PBXFileReference; lastKnownFileType = sourcecode.c.objc; path = AppDelegate.m; sourceTree = "<group>"; };
		17209EB81F2A4F0500742483 /* ViewController.h */ = {isa = PBXFileReference; lastKnownFileType = sourcecode.c.h; path = ViewController.h; sourceTree = "<group>"; };
		17209EB91F2A4F0500742483 /* ViewController.m */ = {isa = PBXFileReference; lastKnownFileType = sourcecode.c.objc; path = ViewController.m; sourceTree = "<group>"; };
		17209EBC1F2A4F0500742483 /* Base */ = {isa = PBXFileReference; lastKnownFileType = file.storyboard; name = Base; path = Base.lproj/Main.storyboard; sourceTree = "<group>"; };
		17209EBE1F2A4F0500742483 /* Assets.xcassets */ = {isa = PBXFileReference; lastKnownFileType = folder.assetcatalog; path = Assets.xcassets; sourceTree = "<group>"; };
		17209EC11F2A4F0500742483 /* Base */ = {isa = PBXFileReference; lastKnownFileType = file.storyboard; name = Base; path = Base.lproj/LaunchScreen.storyboard; sourceTree = "<group>"; };
		17209EC31F2A4F0500742483 /* Info.plist */ = {isa = PBXFileReference; lastKnownFileType = text.plist.xml; path = Info.plist; sourceTree = "<group>"; };
		17209EC81F2A4F0500742483 /* TimeTestTests.xctest */ = {isa = PBXFileReference; explicitFileType = wrapper.cfbundle; includeInIndex = 0; path = TimeTestTests.xctest; sourceTree = BUILT_PRODUCTS_DIR; };
		17209ECC1F2A4F0500742483 /* TimeTestTests.m */ = {isa = PBXFileReference; lastKnownFileType = sourcecode.c.objc; path = TimeTestTests.m; sourceTree = "<group>"; };
		17209ECE1F2A4F0500742483 /* Info.plist */ = {isa = PBXFileReference; lastKnownFileType = text.plist.xml; path = Info.plist; sourceTree = "<group>"; };
		17209ED31F2A4F0500742483 /* TimeTestUITests.xctest */ = {isa = PBXFileReference; explicitFileType = wrapper.cfbundle; includeInIndex = 0; path = TimeTestUITests.xctest; sourceTree = BUILT_PRODUCTS_DIR; };
		17209ED71F2A4F0500742483 /* TimeTestUITests.m */ = {isa = PBXFileReference; lastKnownFileType = sourcecode.c.objc; path = TimeTestUITests.m; sourceTree = "<group>"; };
		17209ED91F2A4F0500742483 /* Info.plist */ = {isa = PBXFileReference; lastKnownFileType = text.plist.xml; path = Info.plist; sourceTree = "<group>"; };
/* End PBXFileReference section */

/* Begin PBXFrameworksBuildPhase section */
		17209EAC1F2A4F0500742483 /* Frameworks */ = {
			isa = PBXFrameworksBuildPhase;
			buildActionMask = 2147483647;
			files = (
			);
			runOnlyForDeploymentPostprocessing = 0;
		};
		17209EC51F2A4F0500742483 /* Frameworks */ = {
			isa = PBXFrameworksBuildPhase;
			buildActionMask = 2147483647;
			files = (
			);
			runOnlyForDeploymentPostprocessing = 0;
		};
		17209ED01F2A4F0500742483 /* Frameworks */ = {
			isa = PBXFrameworksBuildPhase;
			buildActionMask = 2147483647;
			files = (
			);
			runOnlyForDeploymentPostprocessing = 0;
		};
/* End PBXFrameworksBuildPhase section */

/* Begin PBXGroup section */
		17209EA61F2A4F0500742483 = {
			isa = PBXGroup;
			children = (
				17209EB11F2A4F0500742483 /* TimeTest */,
				17209ECB1F2A4F0500742483 /* TimeTestTests */,
				17209ED61F2A4F0500742483 /* TimeTestUITests */,
				17209EB01F2A4F0500742483 /* Products */,
			);
			sourceTree = "<group>";
		};
		17209EB01F2A4F0500742483 /* Products */ = {
			isa = PBXGroup;
			children = (
				17209EAF1F2A4F0500742483 /* TimeTest.app */,
				17209EC81F2A4F0500742483 /* TimeTestTests.xctest */,
				17209ED31F2A4F0500742483 /* TimeTestUITests.xctest */,
			);
			name = Products;
			sourceTree = "<group>";
		};
		17209EB11F2A4F0500742483 /* TimeTest */ = {
			isa = PBXGroup;
			children = (
				17209EB51F2A4F0500742483 /* AppDelegate.h */,
				17209EB61F2A4F0500742483 /* AppDelegate.m */,
				17209EB81F2A4F0500742483 /* ViewController.h */,
				17209EB91F2A4F0500742483 /* ViewController.m */,
				17209EBB1F2A4F0500742483 /* Main.storyboard */,
				17209EBE1F2A4F0500742483 /* Assets.xcassets */,
				17209EC01F2A4F0500742483 /* LaunchScreen.storyboard */,
				17209EC31F2A4F0500742483 /* Info.plist */,
				17209EB21F2A4F0500742483 /* Supporting Files */,
			);
			path = TimeTest;
			sourceTree = "<group>";
		};
		17209EB21F2A4F0500742483 /* Supporting Files */ = {
			isa = PBXGroup;
			children = (
				17209EB31F2A4F0500742483 /* main.m */,
			);
			name = "Supporting Files";
			sourceTree = "<group>";
		};
		17209ECB1F2A4F0500742483 /* TimeTestTests */ = {
			isa = PBXGroup;
			children = (
				17209ECC1F2A4F0500742483 /* TimeTestTests.m */,
				17209ECE1F2A4F0500742483 /* Info.plist */,
			);
			path = TimeTestTests;
			sourceTree = "<group>";
		};
		17209ED61F2A4F0500742483 /* TimeTestUITests */ = {
			isa = PBXGroup;
			children = (
				17209ED71F2A4F0500742483 /* TimeTestUITests.m */,
				17209ED91F2A4F0500742483 /* Info.plist */,
			);
			path = TimeTestUITests;
			sourceTree = "<group>";
		};
/* End PBXGroup section */

/* Begin PBXNativeTarget section */
		17209EAE1F2A4F0500742483 /* TimeTest */ = {
			isa = PBXNativeTarget;
			buildConfigurationList = 17209EDC1F2A4F0500742483 /* Build configuration list for PBXNativeTarget "TimeTest" */;
			buildPhases = (
				17209EAB1F2A4F0500742483 /* Sources */,
				17209EAC1F2A4F0500742483 /* Frameworks */,
				17209EAD1F2A4F0500742483 /* Resources */,
			);
			buildRules = (
			);
			dependencies = (
			);
			name = TimeTest;
			productName = TimeTest;
			productReference = 17209EAF1F2A4F0500742483 /* TimeTest.app */;
			productType = "com.apple.product-type.application";
		};
		17209EC71F2A4F0500742483 /* TimeTestTests */ = {
			isa = PBXNativeTarget;
			buildConfigurationList = 17209EDF1F2A4F0500742483 /* Build configuration list for PBXNativeTarget "TimeTestTests" */;
			buildPhases = (
				17209EC41F2A4F0500742483 /* Sources */,
				17209EC51F2A4F0500742483 /* Frameworks */,
				17209EC61F2A4F0500742483 /* Resources */,
			);
			buildRules = (
			);
			dependencies = (
				17209ECA1F2A4F0500742483 /* PBXTargetDependency */,
			);
			name = TimeTestTests;
			productName = TimeTestTests;
			productReference = 17209EC81F2A4F0500742483 /* TimeTestTests.xctest */;
			productType = "com.apple.product-type.bundle.unit-test";
		};
		17209ED21F2A4F0500742483 /* TimeTestUITests */ = {
			isa = PBXNativeTarget;
			buildConfigurationList = 17209EE21F2A4F0500742483 /* Build configuration list for PBXNativeTarget "TimeTestUITests" */;
			buildPhases = (
				17209ECF1F2A4F0500742483 /* Sources */,
				17209ED01F2A4F0500742483 /* Frameworks */,
				17209ED11F2A4F0500742483 /* Resources */,
			);
			buildRules = (
			);
			dependencies = (
				17209ED51F2A4F0500742483 /* PBXTargetDependency */,
			);
			name = TimeTestUITests;
			productName = TimeTestUITests;
			productReference = 17209ED31F2A4F0500742483 /* TimeTestUITests.xctest */;
			productType = "com.apple.product-type.bundle.ui-testing";
		};
/* End PBXNativeTarget section */

/* Begin PBXProject section */
		17209EA71F2A4F0500742483 /* Project object */ = {
			isa = PBXProject;
			attributes = {
				LastUpgradeCheck = 0710;
				ORGANIZATIONNAME = jiangqianghua;
				TargetAttributes = {
					17209EAE1F2A4F0500742483 = {
						CreatedOnToolsVersion = 7.1;
					};
					17209EC71F2A4F0500742483 = {
						CreatedOnToolsVersion = 7.1;
						TestTargetID = 17209EAE1F2A4F0500742483;
					};
					17209ED21F2A4F0500742483 = {
						CreatedOnToolsVersion = 7.1;
						TestTargetID = 17209EAE1F2A4F0500742483;
					};
				};
			};
			buildConfigurationList = 17209EAA1F2A4F0500742483 /* Build configuration list for PBXProject "TimeTest" */;
			compatibilityVersion = "Xcode 3.2";
			developmentRegion = English;
			hasScannedForEncodings = 0;
			knownRegions = (
				en,
				Base,
			);
			mainGroup = 17209EA61F2A4F0500742483;
			productRefGroup = 17209EB01F2A4F0500742483 /* Products */;
			projectDirPath = "";
			projectRoot = "";
			targets = (
				17209EAE1F2A4F0500742483 /* TimeTest */,
				17209EC71F2A4F0500742483 /* TimeTestTests */,
				17209ED21F2A4F0500742483 /* TimeTestUITests */,
			);
		};
/* End PBXProject section */

/* Begin PBXResourcesBuildPhase section */
		17209EAD1F2A4F0500742483 /* Resources */ = {
			isa = PBXResourcesBuildPhase;
			buildActionMask = 2147483647;
			files = (
				17209EC21F2A4F0500742483 /* LaunchScreen.storyboard in Resources */,
				17209EBF1F2A4F0500742483 /* Assets.xcassets in Resources */,
				17209EBD1F2A4F0500742483 /* Main.storyboard in Resources */,
			);
			runOnlyForDeploymentPostprocessing = 0;
		};
		17209EC61F2A4F0500742483 /* Resources */ = {
			isa = PBXResourcesBuildPhase;
			buildActionMask = 2147483647;
			files = (
			);
			runOnlyForDeploymentPostprocessing = 0;
		};
		17209ED11F2A4F0500742483 /* Resources */ = {
			isa = PBXResourcesBuildPhase;
			buildActionMask = 2147483647;
			files = (
			);
			runOnlyForDeploymentPostprocessing = 0;
		};
/* End PBXResourcesBuildPhase section */

/* Begin PBXSourcesBuildPhase section */
		17209EAB1F2A4F0500742483 /* Sources */ = {
			isa = PBXSourcesBuildPhase;
			buildActionMask = 2147483647;
			files = (
				17209EBA1F2A4F0500742483 /* ViewController.m in Sources */,
				17209EB71F2A4F0500742483 /* AppDelegate.m in Sources */,
				17209EB41F2A4F0500742483 /* main.m in Sources */,
			);
			runOnlyForDeploymentPostprocessing = 0;
		};
		17209EC41F2A4F0500742483 /* Sources */ = {
			isa = PBXSourcesBuildPhase;
			buildActionMask = 2147483647;
			files = (
				17209ECD1F2A4F0500742483 /* TimeTestTests.m in Sources */,
			);
			runOnlyForDeploymentPostprocessing = 0;
		};
		17209ECF1F2A4F0500742483 /* Sources */ = {
			isa = PBXSourcesBuildPhase;
			buildActionMask = 2147483647;
			files = (
				17209ED81F2A4F0500742483 /* TimeTestUITests.m in Sources */,
			);
			runOnlyForDeploymentPostprocessing = 0;
		};
/* End PBXSourcesBuildPhase section */

/* Begin PBXTargetDependency section */
		17209ECA1F2A4F0500742483 /* PBXTargetDependency */ = {
			isa = PBXTargetDependency;
			target = 17209EAE1F2A4F0500742483 /* TimeTest */;
			targetProxy = 17209EC91F2A4F0500742483 /* PBXContainerItemProxy */;
		};
		17209ED51F2A4F0500742483 /* PBXTargetDependency */ = {
			isa = PBXTargetDependency;
			target = 17209EAE1F2A4F0500742483 /* TimeTest */;
			targetProxy = 17209ED41F2A4F0500742483 /* PBXContainerItemProxy */;
		};
/* End PBXTargetDependency section */

/* Begin PBXVariantGroup section */
		17209EBB1F2A4F0500742483 /* Main.storyboard */ = {
			isa = PBXVariantGroup;
			children = (
				17209EBC1F2A4F0500742483 /* Base */,
			);
			name = Main.storyboard;
			sourceTree = "<group>";
		};
		17209EC01F2A4F0500742483 /* LaunchScreen.storyboard */ = {
			isa = PBXVariantGroup;
			children = (
				17209EC11F2A4F0500742483 /* Base */,
			);
			name = LaunchScreen.storyboard;
			sourceTree = "<group>";
		};
/* End PBXVariantGroup section */

/* Begin XCBuildConfiguration section */
		17209EDA1F2A4F0500742483 /* Debug */ = {
			isa = XCBuildConfiguration;
			buildSettings = {
				ALWAYS_SEARCH_USER_PATHS = NO;
				CLANG_CXX_LANGUAGE_STANDARD = "gnu++0x";
				CLANG_CXX_LIBRARY = "libc++";
				CLANG_ENABLE_MODULES = YES;
				CLANG_ENABLE_OBJC_ARC = YES;
				CLANG_WARN_BOOL_CONVERSION = YES;
				CLANG_WARN_CONSTANT_CONVERSION = YES;
				CLANG_WARN_DIRECT_OBJC_ISA_USAGE = YES_ERROR;
				CLANG_WARN_EMPTY_BODY = YES;
				CLANG_WARN_ENUM_CONVERSION = YES;
				CLANG_WARN_INT_CONVERSION = YES;
				CLANG_WARN_OBJC_ROOT_CLASS = YES_ERROR;
				CLANG_WARN_UNREACHABLE_CODE = YES;
				CLANG_WARN__DUPLICATE_METHOD_MATCH = YES;
				"CODE_SIGN_IDENTITY[sdk=iphoneos*]" = "iPhone Developer";
				COPY_PHASE_STRIP = NO;
				DEBUG_INFORMATION_FORMAT = dwarf;
				ENABLE_STRICT_OBJC_MSGSEND = YES;
				ENABLE_TESTABILITY = YES;
				GCC_C_LANGUAGE_STANDARD = gnu99;
				GCC_DYNAMIC_NO_PIC = NO;
				GCC_NO_COMMON_BLOCKS = YES;
				GCC_OPTIMIZATION_LEVEL = 0;
				GCC_PREPROCESSOR_DEFINITIONS = (
					"DEBUG=1",
					"$(inherited)",
				);
				GCC_WARN_64_TO_32_BIT_CONVERSION = YES;
				GCC_WARN_ABOUT_RETURN_TYPE = YES_ERROR;
				GCC_WARN_UNDECLARED_SELECTOR = YES;
				GCC_WARN_UNINITIALIZED_AUTOS = YES_AGGRESSIVE;
				GCC_WARN_UNUSED_FUNCTION = YES;
				GCC_WARN_UNUSED_VARIABLE = YES;
				IPHONEOS_DEPLOYMENT_TARGET = 9.1;
				MTL_ENABLE_DEBUG_INFO = YES;
				ONLY_ACTIVE_ARCH = YES;
				SDKROOT = iphoneos;
			};
			name = Debug;
		};
		17209EDB1F2A4F0500742483 /* Release */ = {
			isa = XCBuildConfiguration;
			buildSettings = {
				ALWAYS_SEARCH_USER_PATHS = NO;
				CLANG_CXX_LANGUAGE_STANDARD = "gnu++0x";
				CLANG_CXX_LIBRARY = "libc++";
				CLANG_ENABLE_MODULES = YES;
				CLANG_ENABLE_OBJC_ARC = YES;
				CLANG_WARN_BOOL_CONVERSION = YES;
				CLANG_WARN_CONSTANT_CONVERSION = YES;
				CLANG_WARN_DIRECT_OBJC_ISA_USAGE = YES_ERROR;
				CLANG_WARN_EMPTY_BODY = YES;
				CLANG_WARN_ENUM_CONVERSION = YES;
				CLANG_WARN_INT_CONVERSION = YES;
				CLANG_WARN_OBJC_ROOT_CLASS = YES_ERROR;
				CLANG_WARN_UNREACHABLE_CODE = YES;
				CLANG_WARN__DUPLICATE_METHOD_MATCH = YES;
				"CODE_SIGN_IDENTITY[sdk=iphoneos*]" = "iPhone Developer";
				COPY_PHASE_STRIP = NO;
				DEBUG_INFORMATION_FORMAT = "dwarf-with-dsym";
				ENABLE_NS_ASSERTIONS = NO;
				ENABLE_STRICT_OBJC_MSGSEND = YES;
				GCC_C_LANGUAGE_STANDARD = gnu99;
				GCC_NO_COMMON_BLOCKS = YES;
				GCC_WARN_64_TO_32_BIT_CONVERSION = YES;
				GCC_WARN_ABOUT_RETURN_TYPE = YES_ERROR;
				GCC_WARN_UNDECLARED_SELECTOR = YES;
				GCC_WARN_UNINITIALIZED_AUTOS = YES_AGGRESSIVE;
				GCC_WARN_UNUSED_FUNCTION = YES;
				GCC_WARN_UNUSED_VARIABLE = YES;
				IPHONEOS_DEPLOYMENT_TARGET = 9.1;
				MTL_ENABLE_DEBUG_INFO = NO;
				SDKROOT = iphoneos;
				VALIDATE_PRODUCT = YES;
			};
			name = Release;
		};
		17209EDD1F2A4F0500742483 /* Debug */ = {
			isa = XCBuildConfiguration;
			buildSettings = {
				ASSETCATALOG_COMPILER_APPICON_NAME = AppIcon;
				INFOPLIST_FILE = TimeTest/Info.plist;
				LD_RUNPATH_SEARCH_PATHS = "$(inherited) @executable_path/Frameworks";
				PRODUCT_BUNDLE_IDENTIFIER = com.jqh.TimeTest;
				PRODUCT_NAME = "$(TARGET_NAME)";
			};
			name = Debug;
		};
		17209EDE1F2A4F0500742483 /* Release */ = {
			isa = XCBuildConfiguration;
			buildSettings = {
				ASSETCATALOG_COMPILER_APPICON_NAME = AppIcon;
				INFOPLIST_FILE = TimeTest/Info.plist;
				LD_RUNPATH_SEARCH_PATHS = "$(inherited) @executable_path/Frameworks";
				PRODUCT_BUNDLE_IDENTIFIER = com.jqh.TimeTest;
				PRODUCT_NAME = "$(TARGET_NAME)";
			};
			name = Release;
		};
		17209EE01F2A4F0500742483 /* Debug */ = {
			isa = XCBuildConfiguration;
			buildSettings = {
				BUNDLE_LOADER = "$(TEST_HOST)";
				INFOPLIST_FILE = TimeTestTests/Info.plist;
				LD_RUNPATH_SEARCH_PATHS = "$(inherited) @executable_path/Frameworks @loader_path/Frameworks";
				PRODUCT_BUNDLE_IDENTIFIER = com.jqh.TimeTestTests;
				PRODUCT_NAME = "$(TARGET_NAME)";
				TEST_HOST = "$(BUILT_PRODUCTS_DIR)/TimeTest.app/TimeTest";
			};
			name = Debug;
		};
		17209EE11F2A4F0500742483 /* Release */ = {
			isa = XCBuildConfiguration;
			buildSettings = {
				BUNDLE_LOADER = "$(TEST_HOST)";
				INFOPLIST_FILE = TimeTestTests/Info.plist;
				LD_RUNPATH_SEARCH_PATHS = "$(inherited) @executable_path/Frameworks @loader_path/Frameworks";
				PRODUCT_BUNDLE_IDENTIFIER = com.jqh.TimeTestTests;
				PRODUCT_NAME = "$(TARGET_NAME)";
				TEST_HOST = "$(BUILT_PRODUCTS_DIR)/TimeTest.app/TimeTest";
			};
			name = Release;
		};
		17209EE31F2A4F0500742483 /* Debug */ = {
			isa = XCBuildConfiguration;
			buildSettings = {
				INFOPLIST_FILE = TimeTestUITests/Info.plist;
				LD_RUNPATH_SEARCH_PATHS = "$(inherited) @executable_path/Frameworks @loader_path/Frameworks";
				PRODUCT_BUNDLE_IDENTIFIER = com.jqh.TimeTestUITests;
				PRODUCT_NAME = "$(TARGET_NAME)";
				TEST_TARGET_NAME = TimeTest;
				USES_XCTRUNNER = YES;
			};
			name = Debug;
		};
		17209EE41F2A4F0500742483 /* Release */ = {
			isa = XCBuildConfiguration;
			buildSettings = {
				INFOPLIST_FILE = TimeTestUITests/Info.plist;
				LD_RUNPATH_SEARCH_PATHS = "$(inherited) @executable_path/Frameworks @loader_path/Frameworks";
				PRODUCT_BUNDLE_IDENTIFIER = com.jqh.TimeTestUITests;
				PRODUCT_NAME = "$(TARGET_NAME)";
				TEST_TARGET_NAME = TimeTest;
				USES_XCTRUNNER = YES;
			};
			name = Release;
		};
/* End XCBuildConfiguration section */

/* Begin XCConfigurationList section */
		17209EAA1F2A4F0500742483 /* Build configuration list for PBXProject "TimeTest" */ = {
			isa = XCConfigurationList;
			buildConfigurations = (
				17209EDA1F2A4F0500742483 /* Debug */,
				17209EDB1F2A4F0500742483 /* Release */,
			);
			defaultConfigurationIsVisible = 0;
			defaultConfigurationName = Release;
		};
		17209EDC1F2A4F0500742483 /* Build configuration list for PBXNativeTarget "TimeTest" */ = {
			isa = XCConfigurationList;
			buildConfigurations = (
				17209EDD1F2A4F0500742483 /* Debug */,
				17209EDE1F2A4F0500742483 /* Release */,
			);
			defaultConfigurationIsVisible = 0;
		};
		17209EDF1F2A4F0500742483 /* Build configuration list for PBXNativeTarget "TimeTestTests" */ = {
			isa = XCConfigurationList;
			buildConfigurations = (
				17209EE01F2A4F0500742483 /* Debug */,
				17209EE11F2A4F0500742483 /* Release */,
			);
			defaultConfigurationIsVisible = 0;
		};
		17209EE21F2A4F0500742483 /* Build configuration list for PBXNativeTarget "TimeTestUITests" */ = {
			isa = XCConfigurationList;
			buildConfigurations = (
				17209EE31F2A4F0500742483 /* Debug */,
				17209EE41F2A4F0500742483 /* Release */,
			);
			defaultConfigurationIsVisible = 0;
		};
/* End XCConfigurationList section */
	};
	rootObject = 17209EA71F2A4F0500742483 /* Project object */;
}
